
Microsoft Visual Studio Solution File, Format Version 12.00
# Visual Studio Version 17
VisualStudioVersion = 17.6.33801.468
MinimumVisualStudioVersion = 10.0.40219.1
Project("{9A19103F-16F7-4668-BE54-9A1E7A4F7556}") = "MooGame", "MooGame\MooGame.csproj", "{EA6643AD-1FBC-4FF3-8EFA-FFF758A3B374}"
EndProject
Project("{9A19103F-16F7-4668-BE54-9A1E7A4F7556}") = "MooGameTest", "MooGameTest\MooGameTest.csproj", "{AE9EC569-3303-4932-B0A6-718756F73108}"
EndProject
Global
	GlobalSection(SolutionConfigurationPlatforms) = preSolution
		Debug|Any CPU = Debug|Any CPU
		Release|Any CPU = Release|Any CPU
	EndGlobalSection
	GlobalSection(ProjectConfigurationPlatforms) = postSolution
		{EA6643AD-1FBC-4FF3-8EFA-FFF758A3B374}.Debug|Any CPU.ActiveCfg = Debug|Any CPU
		{EA6643AD-1FBC-4FF3-8EFA-FFF758A3B374}.Debug|Any CPU.Build.0 = Debug|Any CPU
		{EA6643AD-1FBC-4FF3-8EFA-FFF758A3B374}.Release|Any CPU.ActiveCfg = Release|Any CPU
		{EA6643AD-1FBC-4FF3-8EFA-FFF758A3B374}.Release|Any CPU.Build.0 = Release|Any CPU
		{AE9EC569-3303-4932-B0A6-718756F73108}.Debug|Any CPU.ActiveCfg = Debug|Any CPU
		{AE9EC569-3303-4932-B0A6-718756F73108}.Debug|Any CPU.Build.0 = Debug|Any CPU
		{AE9EC569-3303-4932-B0A6-718756F73108}.Release|Any CPU.ActiveCfg = Release|Any CPU
		{AE9EC569-3303-4932-B0A6-718756F73108}.Release|Any CPU.Build.0 = Release|Any CPU
	EndGlobalSection
	GlobalSection(SolutionProperties) = preSolution
		HideSolutionNode = FALSE
	EndGlobalSection
	GlobalSection(ExtensibilityGlobals) = postSolution
		SolutionGuid = {D79CEAD1-238C-4628-9ED2-F2634766F5D9}
	EndGlobalSection
EndGlobal
